
Microsoft Visual Studio Solution File, Format Version 12.00
# Visual Studio Version 17
VisualStudioVersion = 17.9.34728.123
MinimumVisualStudioVersion = 10.0.40219.1
Project("{2150E333-8FDC-42A3-9474-1A3956D46DE8}") = "Task0", "Task0", "{3AE0DF56-F084-4438-BEDD-6AF3A507FF55}"
EndProject
Project("{9A19103F-16F7-4668-BE54-9A1E7A4F7556}") = "Tyuiu.KurbanovFA.Sprint1.Task0.V24", "Tyuiu.KurbanovFA.Sprint1.Task0.V24\Tyuiu.KurbanovFA.Sprint1.Task0.V24.csproj", "{7139F328-7ECC-44C8-AF9C-1EAD60E76EC6}"
EndProject
Project("{9A19103F-16F7-4668-BE54-9A1E7A4F7556}") = "Tyuiu.KurbanovFA.Sprint1.Task0.V24.Lib", "Tyuiu.KurbanovFA.Sprint1.Task0.V24.Lib\Tyuiu.KurbanovFA.Sprint1.Task0.V24.Lib.csproj", "{71628805-FB0C-450C-9C69-CC3158B7DB6D}"
EndProject
Project("{9A19103F-16F7-4668-BE54-9A1E7A4F7556}") = "Tyuiu.KurbanovFA.Sprint1.Task0.V24.Test", "Tyuiu.KurbanovFA.Sprint1.Task0.V24.Test\Tyuiu.KurbanovFA.Sprint1.Task0.V24.Test.csproj", "{1C5743DD-2873-4611-A0CE-495820D88ED3}"
EndProject
Project("{2150E333-8FDC-42A3-9474-1A3956D46DE8}") = "Task1", "Task1", "{39BF16FA-1555-47A1-A541-C165F962AE82}"
EndProject
Project("{9A19103F-16F7-4668-BE54-9A1E7A4F7556}") = "Tyuiu.KurbanovFA.Sprint1.Task1.V28", "Tyuiu.KurbanovFA.Sprint1.Task1.V28\Tyuiu.KurbanovFA.Sprint1.Task1.V28.csproj", "{BF5D5871-AF84-4AEB-9E9D-09F2FA4BA08D}"
EndProject
Project("{9A19103F-16F7-4668-BE54-9A1E7A4F7556}") = "Tyuiu.KurbanovFA.Sprint1.Task1.V28.Lib", "Tyuiu.KurbanovFA.Sprint1.Task1.V28.Lib\Tyuiu.KurbanovFA.Sprint1.Task1.V28.Lib.csproj", "{2161F126-1BEC-4C0A-8561-B58B4AE3FAA1}"
EndProject
Project("{9A19103F-16F7-4668-BE54-9A1E7A4F7556}") = "Tyuiu.KurbanovFA.Sprint1.Task1.V28.Test", "Tyuiu.KurbanovFA.Sprint1.Task1.V28.Test\Tyuiu.KurbanovFA.Sprint1.Task1.V28.Test.csproj", "{ED5CB176-6F08-4C01-B699-3145274C42DD}"
EndProject
Project("{2150E333-8FDC-42A3-9474-1A3956D46DE8}") = "Task2", "Task2", "{B8DA9220-F5FC-4A55-AD20-53103115346C}"
EndProject
Project("{FAE04EC0-301F-11D3-BF4B-00C04F79EFBC}") = "Tyuiu.KurbanovFA.Sprint1.Task2.V6", "Tyuiu.KurbanovFA.Sprint1.Task2.V6\Tyuiu.KurbanovFA.Sprint1.Task2.V6.csproj", "{038EE241-2101-4E82-B0A4-1B58F55CDE64}"
EndProject
Project("{FAE04EC0-301F-11D3-BF4B-00C04F79EFBC}") = "Tyuiu.KurbanovFA.Sprint1.Task2.V6.Lib", "Tyuiu.KurbanovFA.Sprint1.Task2.V6.Lib\Tyuiu.KurbanovFA.Sprint1.Task2.V6.Lib.csproj", "{9B464D25-7292-46BF-B771-0B57CA884C7F}"
EndProject
Project("{FAE04EC0-301F-11D3-BF4B-00C04F79EFBC}") = "Tyuiu.KurbanovFA.Sprint1.Task2.V6.Test", "Tyuiu.KurbanovFA.Sprint1.Task2.V6.Test\Tyuiu.KurbanovFA.Sprint1.Task2.V6.Test.csproj", "{BDC65668-5BAA-49F0-BA25-AA1F95862C48}"
EndProject
Global
	GlobalSection(SolutionConfigurationPlatforms) = preSolution
		Debug|Any CPU = Debug|Any CPU
		Release|Any CPU = Release|Any CPU
	EndGlobalSection
	GlobalSection(ProjectConfigurationPlatforms) = postSolution
		{7139F328-7ECC-44C8-AF9C-1EAD60E76EC6}.Debug|Any CPU.ActiveCfg = Debug|Any CPU
		{7139F328-7ECC-44C8-AF9C-1EAD60E76EC6}.Debug|Any CPU.Build.0 = Debug|Any CPU
		{7139F328-7ECC-44C8-AF9C-1EAD60E76EC6}.Release|Any CPU.ActiveCfg = Release|Any CPU
		{7139F328-7ECC-44C8-AF9C-1EAD60E76EC6}.Release|Any CPU.Build.0 = Release|Any CPU
		{71628805-FB0C-450C-9C69-CC3158B7DB6D}.Debug|Any CPU.ActiveCfg = Debug|Any CPU
		{71628805-FB0C-450C-9C69-CC3158B7DB6D}.Debug|Any CPU.Build.0 = Debug|Any CPU
		{71628805-FB0C-450C-9C69-CC3158B7DB6D}.Release|Any CPU.ActiveCfg = Release|Any CPU
		{71628805-FB0C-450C-9C69-CC3158B7DB6D}.Release|Any CPU.Build.0 = Release|Any CPU
		{1C5743DD-2873-4611-A0CE-495820D88ED3}.Debug|Any CPU.ActiveCfg = Debug|Any CPU
		{1C5743DD-2873-4611-A0CE-495820D88ED3}.Debug|Any CPU.Build.0 = Debug|Any CPU
		{1C5743DD-2873-4611-A0CE-495820D88ED3}.Release|Any CPU.ActiveCfg = Release|Any CPU
		{1C5743DD-2873-4611-A0CE-495820D88ED3}.Release|Any CPU.Build.0 = Release|Any CPU
		{BF5D5871-AF84-4AEB-9E9D-09F2FA4BA08D}.Debug|Any CPU.ActiveCfg = Debug|Any CPU
		{BF5D5871-AF84-4AEB-9E9D-09F2FA4BA08D}.Debug|Any CPU.Build.0 = Debug|Any CPU
		{BF5D5871-AF84-4AEB-9E9D-09F2FA4BA08D}.Release|Any CPU.ActiveCfg = Release|Any CPU
		{BF5D5871-AF84-4AEB-9E9D-09F2FA4BA08D}.Release|Any CPU.Build.0 = Release|Any CPU
		{2161F126-1BEC-4C0A-8561-B58B4AE3FAA1}.Debug|Any CPU.ActiveCfg = Debug|Any CPU
		{2161F126-1BEC-4C0A-8561-B58B4AE3FAA1}.Debug|Any CPU.Build.0 = Debug|Any CPU
		{2161F126-1BEC-4C0A-8561-B58B4AE3FAA1}.Release|Any CPU.ActiveCfg = Release|Any CPU
		{2161F126-1BEC-4C0A-8561-B58B4AE3FAA1}.Release|Any CPU.Build.0 = Release|Any CPU
		{ED5CB176-6F08-4C01-B699-3145274C42DD}.Debug|Any CPU.ActiveCfg = Debug|Any CPU
		{ED5CB176-6F08-4C01-B699-3145274C42DD}.Debug|Any CPU.Build.0 = Debug|Any CPU
		{ED5CB176-6F08-4C01-B699-3145274C42DD}.Release|Any CPU.ActiveCfg = Release|Any CPU
		{ED5CB176-6F08-4C01-B699-3145274C42DD}.Release|Any CPU.Build.0 = Release|Any CPU
		{038EE241-2101-4E82-B0A4-1B58F55CDE64}.Debug|Any CPU.ActiveCfg = Debug|Any CPU
		{038EE241-2101-4E82-B0A4-1B58F55CDE64}.Debug|Any CPU.Build.0 = Debug|Any CPU
		{038EE241-2101-4E82-B0A4-1B58F55CDE64}.Release|Any CPU.ActiveCfg = Release|Any CPU
		{038EE241-2101-4E82-B0A4-1B58F55CDE64}.Release|Any CPU.Build.0 = Release|Any CPU
		{9B464D25-7292-46BF-B771-0B57CA884C7F}.Debug|Any CPU.ActiveCfg = Debug|Any CPU
		{9B464D25-7292-46BF-B771-0B57CA884C7F}.Debug|Any CPU.Build.0 = Debug|Any CPU
		{9B464D25-7292-46BF-B771-0B57CA884C7F}.Release|Any CPU.ActiveCfg = Release|Any CPU
		{9B464D25-7292-46BF-B771-0B57CA884C7F}.Release|Any CPU.Build.0 = Release|Any CPU
		{BDC65668-5BAA-49F0-BA25-AA1F95862C48}.Debug|Any CPU.ActiveCfg = Debug|Any CPU
		{BDC65668-5BAA-49F0-BA25-AA1F95862C48}.Debug|Any CPU.Build.0 = Debug|Any CPU
		{BDC65668-5BAA-49F0-BA25-AA1F95862C48}.Release|Any CPU.ActiveCfg = Release|Any CPU
		{BDC65668-5BAA-49F0-BA25-AA1F95862C48}.Release|Any CPU.Build.0 = Release|Any CPU
	EndGlobalSection
	GlobalSection(SolutionProperties) = preSolution
		HideSolutionNode = FALSE
	EndGlobalSection
	GlobalSection(NestedProjects) = preSolution
		{7139F328-7ECC-44C8-AF9C-1EAD60E76EC6} = {3AE0DF56-F084-4438-BEDD-6AF3A507FF55}
		{71628805-FB0C-450C-9C69-CC3158B7DB6D} = {3AE0DF56-F084-4438-BEDD-6AF3A507FF55}
		{1C5743DD-2873-4611-A0CE-495820D88ED3} = {3AE0DF56-F084-4438-BEDD-6AF3A507FF55}
		{BF5D5871-AF84-4AEB-9E9D-09F2FA4BA08D} = {39BF16FA-1555-47A1-A541-C165F962AE82}
		{2161F126-1BEC-4C0A-8561-B58B4AE3FAA1} = {39BF16FA-1555-47A1-A541-C165F962AE82}
		{ED5CB176-6F08-4C01-B699-3145274C42DD} = {39BF16FA-1555-47A1-A541-C165F962AE82}
		{038EE241-2101-4E82-B0A4-1B58F55CDE64} = {B8DA9220-F5FC-4A55-AD20-53103115346C}
		{9B464D25-7292-46BF-B771-0B57CA884C7F} = {B8DA9220-F5FC-4A55-AD20-53103115346C}
		{BDC65668-5BAA-49F0-BA25-AA1F95862C48} = {B8DA9220-F5FC-4A55-AD20-53103115346C}
	EndGlobalSection
	GlobalSection(ExtensibilityGlobals) = postSolution
		SolutionGuid = {99A516FB-C3DF-4CED-8106-ED04A449FC62}
	EndGlobalSection
EndGlobal
